
Microsoft Visual Studio Solution File, Format Version 12.00
# Visual Studio Version 17
VisualStudioVersion = 17.5.33530.505
MinimumVisualStudioVersion = 10.0.40219.1
Project("{8BC9CEB8-8B4A-11D0-8D11-00A0C91BC942}") = "LightCube", "LightCube.vcxproj", "{3A3797CF-6672-481A-8A7F-5B28E26E9262}"
EndProject
Global
	GlobalSection(SolutionConfigurationPlatforms) = preSolution
		Debug|ARM = Debug|ARM
		Debug|ARM64 = Debug|ARM64
		Debug|x64 = Debug|x64
		Debug|x86 = Debug|x86
		Release|ARM = Release|ARM
		Release|ARM64 = Release|ARM64
		Release|x64 = Release|x64
		Release|x86 = Release|x86
	EndGlobalSection
	GlobalSection(ProjectConfigurationPlatforms) = postSolution
		{3A3797CF-6672-481A-8A7F-5B28E26E9262}.Debug|ARM.ActiveCfg = Debug|ARM
		{3A3797CF-6672-481A-8A7F-5B28E26E9262}.Debug|ARM.Build.0 = Debug|ARM
		{3A3797CF-6672-481A-8A7F-5B28E26E9262}.Debug|ARM.Deploy.0 = Debug|ARM
		{3A3797CF-6672-481A-8A7F-5B28E26E9262}.Debug|ARM64.ActiveCfg = Debug|ARM64
		{3A3797CF-6672-481A-8A7F-5B28E26E9262}.Debug|ARM64.Build.0 = Debug|ARM64
		{3A3797CF-6672-481A-8A7F-5B28E26E9262}.Debug|ARM64.Deploy.0 = Debug|ARM64
		{3A3797CF-6672-481A-8A7F-5B28E26E9262}.Debug|x64.ActiveCfg = Debug|x64
		{3A3797CF-6672-481A-8A7F-5B28E26E9262}.Debug|x64.Build.0 = Debug|x64
		{3A3797CF-6672-481A-8A7F-5B28E26E9262}.Debug|x64.Deploy.0 = Debug|x64
		{3A3797CF-6672-481A-8A7F-5B28E26E9262}.Debug|x86.ActiveCfg = Debug|x86
		{3A3797CF-6672-481A-8A7F-5B28E26E9262}.Debug|x86.Build.0 = Debug|x86
		{3A3797CF-6672-481A-8A7F-5B28E26E9262}.Debug|x86.Deploy.0 = Debug|x86
		{3A3797CF-6672-481A-8A7F-5B28E26E9262}.Release|ARM.ActiveCfg = Release|ARM
		{3A3797CF-6672-481A-8A7F-5B28E26E9262}.Release|ARM.Build.0 = Release|ARM
		{3A3797CF-6672-481A-8A7F-5B28E26E9262}.Release|ARM.Deploy.0 = Release|ARM
		{3A3797CF-6672-481A-8A7F-5B28E26E9262}.Release|ARM64.ActiveCfg = Release|ARM64
		{3A3797CF-6672-481A-8A7F-5B28E26E9262}.Release|ARM64.Build.0 = Release|ARM64
		{3A3797CF-6672-481A-8A7F-5B28E26E9262}.Release|ARM64.Deploy.0 = Release|ARM64
		{3A3797CF-6672-481A-8A7F-5B28E26E9262}.Release|x64.ActiveCfg = Release|x64
		{3A3797CF-6672-481A-8A7F-5B28E26E9262}.Release|x64.Build.0 = Release|x64
		{3A3797CF-6672-481A-8A7F-5B28E26E9262}.Release|x64.Deploy.0 = Release|x64
		{3A3797CF-6672-481A-8A7F-5B28E26E9262}.Release|x86.ActiveCfg = Release|x86
		{3A3797CF-6672-481A-8A7F-5B28E26E9262}.Release|x86.Build.0 = Release|x86
		{3A3797CF-6672-481A-8A7F-5B28E26E9262}.Release|x86.Deploy.0 = Release|x86
	EndGlobalSection
	GlobalSection(SolutionProperties) = preSolution
		HideSolutionNode = FALSE
	EndGlobalSection
	GlobalSection(ExtensibilityGlobals) = postSolution
		SolutionGuid = {9E98D1D5-ACC0-4956-A3EA-A2F3121EBC04}
	EndGlobalSection
EndGlobal
